
Microsoft Visual Studio Solution File, Format Version 12.00
# Visual Studio Version 17
VisualStudioVersion = 17.14.36518.9
MinimumVisualStudioVersion = 10.0.40219.1
Project("{FAE04EC0-301F-11D3-BF4B-00C04F79EFBC}") = "TecWeb3ECTeam8", "TecWeb3ECTeam8.csproj", "{EF06EC82-00FC-47D4-AB14-0CD576D7AF22}"
EndProject
Global
	GlobalSection(SolutionConfigurationPlatforms) = preSolution
		Debug|Any CPU = Debug|Any CPU
		Release|Any CPU = Release|Any CPU
	EndGlobalSection
	GlobalSection(ProjectConfigurationPlatforms) = postSolution
		{EF06EC82-00FC-47D4-AB14-0CD576D7AF22}.Debug|Any CPU.ActiveCfg = Debug|Any CPU
		{EF06EC82-00FC-47D4-AB14-0CD576D7AF22}.Debug|Any CPU.Build.0 = Debug|Any CPU
		{EF06EC82-00FC-47D4-AB14-0CD576D7AF22}.Release|Any CPU.ActiveCfg = Release|Any CPU
		{EF06EC82-00FC-47D4-AB14-0CD576D7AF22}.Release|Any CPU.Build.0 = Release|Any CPU
	EndGlobalSection
	GlobalSection(SolutionProperties) = preSolution
		HideSolutionNode = FALSE
	EndGlobalSection
	GlobalSection(ExtensibilityGlobals) = postSolution
		SolutionGuid = {6C2BF1B9-697D-4B09-9780-17823FCA392F}
	EndGlobalSection
EndGlobal
